{
    "version": 3,
    "targets": {
        ".NETFramework,Version=v4.6.2": {
            "CommonServiceLocator/2.0.3": {
                "type": "package",
                "compile": {
                    "lib/net45/CommonServiceLocator.dll": {}
                },
                "runtime": {
                    "lib/net45/CommonServiceLocator.dll": {}
                }
            },
            "vm.Aspects.Security.Cryptography.Ciphers/1.0.0": {
                "type": "project",
                "framework": ".NETFramework,Version=v4.6.2",
                "dependencies": {
                    "CommonServiceLocator": "2.0.3"
                },
                "compile": {
                    "bin/placeholder/vm.Aspects.Security.Cryptography.Ciphers.dll": {}
                },
                "runtime": {
                    "bin/placeholder/vm.Aspects.Security.Cryptography.Ciphers.dll": {}
                }
            }
        },
        ".NETFramework,Version=v4.6.2/win": {
            "CommonServiceLocator/2.0.3": {
                "type": "package",
                "compile": {
                    "lib/net45/CommonServiceLocator.dll": {}
                },
                "runtime": {
                    "lib/net45/CommonServiceLocator.dll": {}
                }
            },
            "vm.Aspects.Security.Cryptography.Ciphers/1.0.0": {
                "type": "project",
                "framework": ".NETFramework,Version=v4.6.2/win",
                "dependencies": {
                    "CommonServiceLocator": "2.0.3"
                },
                "compile": {
                    "bin/placeholder/vm.Aspects.Security.Cryptography.Ciphers.dll": {}
                },
                "runtime": {
                    "bin/placeholder/vm.Aspects.Security.Cryptography.Ciphers.dll": {}
                }
            }
        },
        ".NETFramework,Version=v4.6.2/win-x64": {
            "CommonServiceLocator/2.0.3": {
                "type": "package",
                "compile": {
                    "lib/net45/CommonServiceLocator.dll": {}
                },
                "runtime": {
                    "lib/net45/CommonServiceLocator.dll": {}
                }
            },
            "vm.Aspects.Security.Cryptography.Ciphers/1.0.0": {
                "type": "project",
                "framework": ".NETFramework,Version=v4.6.2/win-x64",
                "dependencies": {
                    "CommonServiceLocator": "2.0.3"
                },
                "compile": {
                    "bin/placeholder/vm.Aspects.Security.Cryptography.Ciphers.dll": {}
                },
                "runtime": {
                    "bin/placeholder/vm.Aspects.Security.Cryptography.Ciphers.dll": {}
                }
            }
        },
        ".NETFramework,Version=v4.6.2/win-x86": {
            "CommonServiceLocator/2.0.3": {
                "type": "package",
                "compile": {
                    "lib/net45/CommonServiceLocator.dll": {}
                },
                "runtime": {
                    "lib/net45/CommonServiceLocator.dll": {}
                }
            },
            "vm.Aspects.Security.Cryptography.Ciphers/1.0.0": {
                "type": "project",
                "framework": ".NETFramework,Version=v4.6.2/win-x86",
                "dependencies": {
                    "CommonServiceLocator": "2.0.3"
                },
                "compile": {
                    "bin/placeholder/vm.Aspects.Security.Cryptography.Ciphers.dll": {}
                },
                "runtime": {
                    "bin/placeholder/vm.Aspects.Security.Cryptography.Ciphers.dll": {}
                }
            }
        },

        ".NETFramework,Version=v4.7.1": {
            "CommonServiceLocator/2.0.3": {
                "type": "package",
                "compile": {
                    "lib/net47/CommonServiceLocator.dll": {}
                },
                "runtime": {
                    "lib/net47/CommonServiceLocator.dll": {}
                }
            },
            "vm.Aspects.Security.Cryptography.Ciphers/1.0.0": {
                "type": "project",
                "framework": ".NETFramework,Version=v4.7.1",
                "dependencies": {
                    "CommonServiceLocator": "2.0.3"
                },
                "compile": {
                    "bin/placeholder/vm.Aspects.Security.Cryptography.Ciphers.dll": {}
                },
                "runtime": {
                    "bin/placeholder/vm.Aspects.Security.Cryptography.Ciphers.dll": {}
                }
            }
        },
        ".NETFramework,Version=v4.7.1/win": {
            "CommonServiceLocator/2.0.3": {
                "type": "package",
                "compile": {
                    "lib/net47/CommonServiceLocator.dll": {}
                },
                "runtime": {
                    "lib/net47/CommonServiceLocator.dll": {}
                }
            },
            "vm.Aspects.Security.Cryptography.Ciphers/1.0.0": {
                "type": "project",
                "framework": ".NETFramework,Version=v4.7.1/win",
                "dependencies": {
                    "CommonServiceLocator": "2.0.3"
                },
                "compile": {
                    "bin/placeholder/vm.Aspects.Security.Cryptography.Ciphers.dll": {}
                },
                "runtime": {
                    "bin/placeholder/vm.Aspects.Security.Cryptography.Ciphers.dll": {}
                }
            }
        },
        ".NETFramework,Version=v4.7.1/win-x64": {
            "CommonServiceLocator/2.0.3": {
                "type": "package",
                "compile": {
                    "lib/net47/CommonServiceLocator.dll": {}
                },
                "runtime": {
                    "lib/net47/CommonServiceLocator.dll": {}
                }
            },
            "vm.Aspects.Security.Cryptography.Ciphers/1.0.0": {
                "type": "project",
                "framework": ".NETFramework,Version=v4.7.1/win-x64",
                "dependencies": {
                    "CommonServiceLocator": "2.0.3"
                },
                "compile": {
                    "bin/placeholder/vm.Aspects.Security.Cryptography.Ciphers.dll": {}
                },
                "runtime": {
                    "bin/placeholder/vm.Aspects.Security.Cryptography.Ciphers.dll": {}
                }
            }
        },
        ".NETFramework,Version=v4.7.1/win-x86": {
            "CommonServiceLocator/2.0.3": {
                "type": "package",
                "compile": {
                    "lib/net47/CommonServiceLocator.dll": {}
                },
                "runtime": {
                    "lib/net47/CommonServiceLocator.dll": {}
                }
            },
            "vm.Aspects.Security.Cryptography.Ciphers/1.0.0": {
                "type": "project",
                "framework": ".NETFramework,Version=v4.7.1/win-x86",
                "dependencies": {
                    "CommonServiceLocator": "2.0.3"
                },
                "compile": {
                    "bin/placeholder/vm.Aspects.Security.Cryptography.Ciphers.dll": {}
                },
                "runtime": {
                    "bin/placeholder/vm.Aspects.Security.Cryptography.Ciphers.dll": {}
                }
            }
        },

        ".NETFramework,Version=v4.7.2": {
            "CommonServiceLocator/2.0.3": {
                "type": "package",
                "compile": {
                    "lib/net47/CommonServiceLocator.dll": {}
                },
                "runtime": {
                    "lib/net47/CommonServiceLocator.dll": {}
                }
            },
            "vm.Aspects.Security.Cryptography.Ciphers/1.0.0": {
                "type": "project",
                "framework": ".NETFramework,Version=v4.7.2",
                "dependencies": {
                    "CommonServiceLocator": "2.0.3"
                },
                "compile": {
                    "bin/placeholder/vm.Aspects.Security.Cryptography.Ciphers.dll": {}
                },
                "runtime": {
                    "bin/placeholder/vm.Aspects.Security.Cryptography.Ciphers.dll": {}
                }
            }
        },
        ".NETFramework,Version=v4.7.2/win": {
            "CommonServiceLocator/2.0.3": {
                "type": "package",
                "compile": {
                    "lib/net47/CommonServiceLocator.dll": {}
                },
                "runtime": {
                    "lib/net47/CommonServiceLocator.dll": {}
                }
            },
            "vm.Aspects.Security.Cryptography.Ciphers/1.0.0": {
                "type": "project",
                "framework": ".NETFramework,Version=v4.7.2/win",
                "dependencies": {
                    "CommonServiceLocator": "2.0.3"
                },
                "compile": {
                    "bin/placeholder/vm.Aspects.Security.Cryptography.Ciphers.dll": {}
                },
                "runtime": {
                    "bin/placeholder/vm.Aspects.Security.Cryptography.Ciphers.dll": {}
                }
            }
        },
        ".NETFramework,Version=v4.7.2/win-x64": {
            "CommonServiceLocator/2.0.3": {
                "type": "package",
                "compile": {
                    "lib/net47/CommonServiceLocator.dll": {}
                },
                "runtime": {
                    "lib/net47/CommonServiceLocator.dll": {}
                }
            },
            "vm.Aspects.Security.Cryptography.Ciphers/1.0.0": {
                "type": "project",
                "framework": ".NETFramework,Version=v4.7.2/win-x64",
                "dependencies": {
                    "CommonServiceLocator": "2.0.3"
                },
                "compile": {
                    "bin/placeholder/vm.Aspects.Security.Cryptography.Ciphers.dll": {}
                },
                "runtime": {
                    "bin/placeholder/vm.Aspects.Security.Cryptography.Ciphers.dll": {}
                }
            }
        },
        ".NETFramework,Version=v4.7.2/win-x86": {
            "CommonServiceLocator/2.0.3": {
                "type": "package",
                "compile": {
                    "lib/net47/CommonServiceLocator.dll": {}
                },
                "runtime": {
                    "lib/net47/CommonServiceLocator.dll": {}
                }
            },
            "vm.Aspects.Security.Cryptography.Ciphers/1.0.0": {
                "type": "project",
                "framework": ".NETFramework,Version=v4.7.2/win-x86",
                "dependencies": {
                    "CommonServiceLocator": "2.0.3"
                },
                "compile": {
                    "bin/placeholder/vm.Aspects.Security.Cryptography.Ciphers.dll": {}
                },
                "runtime": {
                    "bin/placeholder/vm.Aspects.Security.Cryptography.Ciphers.dll": {}
                }
            }
        }
    },
    "libraries": {
        "CommonServiceLocator/2.0.3": {
            "sha512": "AWao0d/oTooOpf4IXPFP+Ol7VrT/r9pAg0/cMYk2se3QaibYUHdlk93blt5pe7ByGeJoBd7ZNE/gZsAI54UCpA==",
            "type": "package",
            "path": "commonservicelocator/2.0.3",
            "files": [
                "commonservicelocator.2.0.3.nupkg.sha512",
                "commonservicelocator.nuspec",
                "lib/net40/CommonServiceLocator.dll",
                "lib/net45/CommonServiceLocator.dll",
                "lib/net47/CommonServiceLocator.dll",
                "lib/netcoreapp1.0/CommonServiceLocator.dll",
                "lib/netstandard1.0/CommonServiceLocator.dll",
                "lib/netstandard2.0/CommonServiceLocator.dll"
            ]
        },
        "vm.Aspects.Security.Cryptography.Ciphers/1.0.0": {
            "type": "project",
            "path": "../vm.Aspects.Security.Cryptography.Ciphers.csproj",
            "msbuildProject": "../vm.Aspects.Security.Cryptography.Ciphers.csproj"
        }
    },
    "projectFileDependencyGroups": {
        ".NETFramework,Version=v4.6.2": [
            "CommonServiceLocator >= 2.0.3",
            "vm.Aspects.Security.Cryptography.Ciphers >= 1.0.0"
        ],
        ".NETFramework,Version=v4.7.1": [
            "CommonServiceLocator >= 2.0.3",
            "vm.Aspects.Security.Cryptography.Ciphers >= 1.0.0"
        ],
        ".NETFramework,Version=v4.7.2": [
            "CommonServiceLocator >= 2.0.3",
            "vm.Aspects.Security.Cryptography.Ciphers >= 1.0.0"
        ]
    },
    "packageFolders": {
        "C:\\Users\\valo\\.nuget\\packages\\": {}
    },
    "project": {
        "version": "1.0.0",
        "restore": {
            "projectUniqueName": "C:\\Projects\\Git\\vm\\Aspects\\Security\\Cryptography\\Ciphers\\CryptFile\\FileCrypt.csproj",
            "projectName": "FileCrypt",
            "projectPath": "C:\\Projects\\Git\\vm\\Aspects\\Security\\Cryptography\\Ciphers\\CryptFile\\FileCrypt.csproj",
            "packagesPath": "C:\\Users\\valo\\.nuget\\packages\\",
            "outputPath": "C:\\Projects\\Git\\vm\\Aspects\\Security\\Cryptography\\Ciphers\\CryptFile\\obj\\",
            "projectStyle": "PackageReference",
            "skipContentFileWrite": true,
            "configFilePaths": [
                "C:\\Users\\valo\\AppData\\Roaming\\NuGet\\NuGet.Config",
                "C:\\Program Files (x86)\\NuGet\\Config\\Microsoft.VisualStudio.Offline.config"
            ],
            "originalTargetFrameworks": [
                "net462",
                "net471",
                "net472"
            ],
            "sources": {
                "C:\\NuGet": {},
                "C:\\Program Files (x86)\\Microsoft SDKs\\NuGetPackages\\": {},
                "https://nuget.org/api/v2/": {},
                "https://www.myget.org/F/applicationinsights-sdk-labs/api/v3/index.json": {}
            },
            "frameworks": {
                "net462": {
                    "projectReferences": {}
                },
                "net471": {
                    "projectReferences": {
                        "C:\\Projects\\Git\\vm\\Aspects\\Security\\Cryptography\\Ciphers\\vm.Aspects.Security.Cryptography.Ciphers.csproj": {
                            "projectPath": "C:\\Projects\\Git\\vm\\Aspects\\Security\\Cryptography\\Ciphers\\vm.Aspects.Security.Cryptography.Ciphers.csproj"
                        }
                    }
                },
                "net472": {
                    "projectReferences": {
                        "C:\\Projects\\Git\\vm\\Aspects\\Security\\Cryptography\\Ciphers\\vm.Aspects.Security.Cryptography.Ciphers.csproj": {
                            "projectPath": "C:\\Projects\\Git\\vm\\Aspects\\Security\\Cryptography\\Ciphers\\vm.Aspects.Security.Cryptography.Ciphers.csproj"
                        }
                    }
                }
            }
        },
        "frameworks": {
            "net462": {
                "dependencies": {
                    "CommonServiceLocator": {
                        "target": "Package",
                        "version": "[2.0.3, )"
                    }
                }
            },
            "net471": {
                "dependencies": {
                    "CommonServiceLocator": {
                        "target": "Package",
                        "version": "[2.0.3, )"
                    }
                }
            },
            "net472": {
                "dependencies": {
                    "CommonServiceLocator": {
                        "target": "Package",
                        "version": "[2.0.3, )"
                    }
                }
            }
        },
        "runtimes": {
            "win": {
                "#import": []
            },
            "win-x64": {
                "#import": []
            },
            "win-x86": {
                "#import": []
            }
        }
    }
}
