Microsoft Visual Studio Solution File, Format Version 12.00
# Visual Studio 14
VisualStudioVersion = 14.0.25420.1
MinimumVisualStudioVersion = 10.0.40219.1
Project("{FAE04EC0-301F-11D3-BF4B-00C04F79EFBC}") = "vm.Aspects", "Aspects\vm.Aspects.csproj", "{B31AC12D-4197-4ED9-9768-0C9ABCAF38BF}"
EndProject
Project("{2150E333-8FDC-42A3-9474-1A3956D46DE8}") = "Solution Items", "Solution Items", "{E6591A70-F79F-4461-90C2-A9D03611B70F}"
	ProjectSection(SolutionItems) = preProject
		Common Items\AssemblyInfo.global.cs = Common Items\AssemblyInfo.global.cs
		Common Items\Dictionary.xml = Common Items\Dictionary.xml
		Common Items\vm.snk = Common Items\vm.snk
		Common Items\vm.Test.snk = Common Items\vm.Test.snk
		Common Items\vmAllRules.ruleset = Common Items\vmAllRules.ruleset
	EndProjectSection
EndProject
Project("{FAE04EC0-301F-11D3-BF4B-00C04F79EFBC}") = "vm.Aspects.Diagnostics.ObjectDumper", "Aspects\Diagnostics\vm.Aspects.Diagnostics.ObjectDumper.csproj", "{372A2FEF-C004-498C-B57F-CF0ACA66C37B}"
EndProject
Project("{2150E333-8FDC-42A3-9474-1A3956D46DE8}") = "Tests", "Tests", "{B2E493FE-EFCF-4D0B-84C5-5C75B0D361B8}"
EndProject
Project("{FAE04EC0-301F-11D3-BF4B-00C04F79EFBC}") = "vm.Aspects.Diagnostics.ObjectDumper.Tests", "Aspects\Diagnostics\Test\ObjectDumperTest\vm.Aspects.Diagnostics.ObjectDumper.Tests.csproj", "{39774AEF-F8CD-4605-A4B2-E563D289CCBC}"
EndProject
Project("{FAE04EC0-301F-11D3-BF4B-00C04F79EFBC}") = "vm.Aspects.Diagnostics.ObjectDumperPartialTrustTestStub", "Aspects\Diagnostics\Test\ObjectDumperPartialTrustTestStub\vm.Aspects.Diagnostics.ObjectDumperPartialTrustTestStub.csproj", "{2C655AF4-8D80-44F1-B64C-F82B763ACF12}"
EndProject
Project("{2150E333-8FDC-42A3-9474-1A3956D46DE8}") = "Samples", "Samples", "{27F0A5FF-BA34-402D-84B0-76775021229A}"
EndProject
Project("{FAE04EC0-301F-11D3-BF4B-00C04F79EFBC}") = "vm.Aspects.Diagnostics.ObjectDumper.Sample", "Aspects\Diagnostics\Sample\ObjectDumperSample\vm.Aspects.Diagnostics.ObjectDumper.Sample.csproj", "{FDF6E9BF-CB09-4E23-9E96-12B203316674}"
EndProject
Project("{2150E333-8FDC-42A3-9474-1A3956D46DE8}") = "NuGet", "NuGet", "{062E90FF-3383-4422-B321-C077636658AF}"
	ProjectSection(SolutionItems) = preProject
		Aspects\Security\Cryptography\Ciphers\Nuget\Ciphers.nuspec = Aspects\Security\Cryptography\Ciphers\Nuget\Ciphers.nuspec
		Aspects\Linq\Expressions\Serialization\NuGet\ExpressionSerialization.nuspec = Aspects\Linq\Expressions\Serialization\NuGet\ExpressionSerialization.nuspec
		Aspects\Diagnostics\NuGet\ObjectDumper.nuspec = Aspects\Diagnostics\NuGet\ObjectDumper.nuspec
		Aspects\NuGet\PublishAspects.cmd = Aspects\NuGet\PublishAspects.cmd
		Aspects\Security\Cryptography\Ciphers\Nuget\PublishCiphers.cmd = Aspects\Security\Cryptography\Ciphers\Nuget\PublishCiphers.cmd
		Aspects\Diagnostics\NuGet\PublishObjectDumper.cmd = Aspects\Diagnostics\NuGet\PublishObjectDumper.cmd
		Aspects\NuGet\vm.Aspects.nuspec = Aspects\NuGet\vm.Aspects.nuspec
	EndProjectSection
EndProject
Project("{FAE04EC0-301F-11D3-BF4B-00C04F79EFBC}") = "vm.Aspects.Security.Cryptography.Ciphers", "Aspects\Security\Cryptography\Ciphers\vm.Aspects.Security.Cryptography.Ciphers.csproj", "{65E08F3E-21AC-4BB0-A7A3-6EACBADAE9DD}"
EndProject
Project("{FAE04EC0-301F-11D3-BF4B-00C04F79EFBC}") = "vm.Aspects.Security.Cryptography.Ciphers.Tests", "Aspects\Security\Cryptography\Ciphers\Test\vm.Aspects.Security.Cryptography.Ciphers.Tests.csproj", "{B55FEE15-775E-462D-B20F-B55BB552EA85}"
EndProject
Project("{FAE04EC0-301F-11D3-BF4B-00C04F79EFBC}") = "vm.Aspects.Tests", "Aspects\Test\vm.Aspects.Tests.csproj", "{37B30FDB-7D91-49F8-8C1C-88036D1314FC}"
EndProject
Project("{FAE04EC0-301F-11D3-BF4B-00C04F79EFBC}") = "vm.Aspects.Linq.Expressions.Serialization", "Aspects\Linq\Expressions\Serialization\vm.Aspects.Linq.Expressions.Serialization.csproj", "{628D6504-40E3-412A-827F-39F8644BA906}"
EndProject
Project("{FAE04EC0-301F-11D3-BF4B-00C04F79EFBC}") = "vm.Aspects.Linq.Expressions.Serialization.Tests", "Aspects\Linq\Expressions\Serialization\Tests\vm.Aspects.Linq.Expressions.Serialization.Tests.csproj", "{CB93A289-59C4-4934-824B-9AF5F9C4B886}"
EndProject
Project("{FAE04EC0-301F-11D3-BF4B-00C04F79EFBC}") = "EncryptedKey", "Aspects\Security\Cryptography\Ciphers\EncryptedKey\EncryptedKey.csproj", "{186551F3-447A-4D1B-9DF7-3E6B49E0C10C}"
EndProject
Project("{FAE04EC0-301F-11D3-BF4B-00C04F79EFBC}") = "ProtectedKey", "Aspects\Security\Cryptography\Ciphers\ProtectedKey\ProtectedKey.csproj", "{C1BB3B78-C149-451D-8D1F-E6FC6DBFBF5A}"
EndProject
Project("{2150E333-8FDC-42A3-9474-1A3956D46DE8}") = "vm.Aspects.Security.Cryptography.Ciphers.Utilities", "vm.Aspects.Security.Cryptography.Ciphers.Utilities", "{A9DCD77C-A0E2-4D01-AB1D-40F8853D4FB2}"
EndProject
Project("{FAE04EC0-301F-11D3-BF4B-00C04F79EFBC}") = "vm.Aspects.Model", "Aspects\Model\vm.Aspects.Model.csproj", "{7661A69C-6EB4-4190-BEC0-2C8DEF1E815F}"
EndProject
Project("{FAE04EC0-301F-11D3-BF4B-00C04F79EFBC}") = "vm.Aspects.Model.Tests", "Aspects\Model\Tests\vm.Aspects.Model.Tests.csproj", "{E389BA3C-AF16-49C3-90DA-B52D3FCDD161}"
EndProject
Project("{FAE04EC0-301F-11D3-BF4B-00C04F79EFBC}") = "vm.Aspects.Parsers", "Aspects\Parsers\vm.Aspects.Parsers.csproj", "{DE313580-4D78-44C4-B80A-CAAB3EC580C1}"
EndProject
Project("{FAE04EC0-301F-11D3-BF4B-00C04F79EFBC}") = "vm.Aspects.Wcf", "Aspects\Wcf\vm.Aspects.Wcf.csproj", "{165DED1C-2F5B-4941-854C-EC928ADA3F32}"
EndProject
Project("{FAE04EC0-301F-11D3-BF4B-00C04F79EFBC}") = "MacKey", "Aspects\Security\Cryptography\Ciphers\MacKey\MacKey.csproj", "{5E36D04C-CDA1-4E17-B7AF-3A139B8FB87D}"
EndProject
Project("{FAE04EC0-301F-11D3-BF4B-00C04F79EFBC}") = "FileCrypt", "Aspects\Security\Cryptography\Ciphers\CryptFile\FileCrypt.csproj", "{32B9F323-F629-4CA4-9003-0E30A4C441A0}"
EndProject
Project("{FAE04EC0-301F-11D3-BF4B-00C04F79EFBC}") = "vm.Aspects.Wcf.Tests", "Aspects\Wcf\Tests\vm.Aspects.Wcf.Tests.csproj", "{9F87B835-8270-42F9-9567-26B2C7489C2B}"
EndProject
Project("{FAE04EC0-301F-11D3-BF4B-00C04F79EFBC}") = "vm.Aspects.FtpTransfer", "Aspects\vm.Aspects.FtpTransfer\vm.Aspects.FtpTransfer.csproj", "{113CE397-4859-4B92-8F10-E5BA2D6F1A35}"
EndProject
Global
	GlobalSection(SolutionConfigurationPlatforms) = preSolution
		Debug|Any CPU = Debug|Any CPU
		DebugUnitTest|Any CPU = DebugUnitTest|Any CPU
		Release|Any CPU = Release|Any CPU
	EndGlobalSection
	GlobalSection(ProjectConfigurationPlatforms) = postSolution
		{B31AC12D-4197-4ED9-9768-0C9ABCAF38BF}.Debug|Any CPU.ActiveCfg = Debug|Any CPU
		{B31AC12D-4197-4ED9-9768-0C9ABCAF38BF}.Debug|Any CPU.Build.0 = Debug|Any CPU
		{B31AC12D-4197-4ED9-9768-0C9ABCAF38BF}.DebugUnitTest|Any CPU.ActiveCfg = DebugUnitTest|Any CPU
		{B31AC12D-4197-4ED9-9768-0C9ABCAF38BF}.DebugUnitTest|Any CPU.Build.0 = DebugUnitTest|Any CPU
		{B31AC12D-4197-4ED9-9768-0C9ABCAF38BF}.Release|Any CPU.ActiveCfg = Release|Any CPU
		{B31AC12D-4197-4ED9-9768-0C9ABCAF38BF}.Release|Any CPU.Build.0 = Release|Any CPU
		{372A2FEF-C004-498C-B57F-CF0ACA66C37B}.Debug|Any CPU.ActiveCfg = Debug|Any CPU
		{372A2FEF-C004-498C-B57F-CF0ACA66C37B}.Debug|Any CPU.Build.0 = Debug|Any CPU
		{372A2FEF-C004-498C-B57F-CF0ACA66C37B}.DebugUnitTest|Any CPU.ActiveCfg = DebugUnitTest|Any CPU
		{372A2FEF-C004-498C-B57F-CF0ACA66C37B}.DebugUnitTest|Any CPU.Build.0 = DebugUnitTest|Any CPU
		{372A2FEF-C004-498C-B57F-CF0ACA66C37B}.Release|Any CPU.ActiveCfg = Release|Any CPU
		{372A2FEF-C004-498C-B57F-CF0ACA66C37B}.Release|Any CPU.Build.0 = Release|Any CPU
		{39774AEF-F8CD-4605-A4B2-E563D289CCBC}.Debug|Any CPU.ActiveCfg = Debug|Any CPU
		{39774AEF-F8CD-4605-A4B2-E563D289CCBC}.Debug|Any CPU.Build.0 = Debug|Any CPU
		{39774AEF-F8CD-4605-A4B2-E563D289CCBC}.DebugUnitTest|Any CPU.ActiveCfg = DebugUnitTest|Any CPU
		{39774AEF-F8CD-4605-A4B2-E563D289CCBC}.DebugUnitTest|Any CPU.Build.0 = DebugUnitTest|Any CPU
		{39774AEF-F8CD-4605-A4B2-E563D289CCBC}.Release|Any CPU.ActiveCfg = Release|Any CPU
		{39774AEF-F8CD-4605-A4B2-E563D289CCBC}.Release|Any CPU.Build.0 = Release|Any CPU
		{2C655AF4-8D80-44F1-B64C-F82B763ACF12}.Debug|Any CPU.ActiveCfg = Debug|Any CPU
		{2C655AF4-8D80-44F1-B64C-F82B763ACF12}.Debug|Any CPU.Build.0 = Debug|Any CPU
		{2C655AF4-8D80-44F1-B64C-F82B763ACF12}.DebugUnitTest|Any CPU.ActiveCfg = DebugUnitTest|Any CPU
		{2C655AF4-8D80-44F1-B64C-F82B763ACF12}.DebugUnitTest|Any CPU.Build.0 = DebugUnitTest|Any CPU
		{2C655AF4-8D80-44F1-B64C-F82B763ACF12}.Release|Any CPU.ActiveCfg = Release|Any CPU
		{2C655AF4-8D80-44F1-B64C-F82B763ACF12}.Release|Any CPU.Build.0 = Release|Any CPU
		{FDF6E9BF-CB09-4E23-9E96-12B203316674}.Debug|Any CPU.ActiveCfg = Debug|Any CPU
		{FDF6E9BF-CB09-4E23-9E96-12B203316674}.Debug|Any CPU.Build.0 = Debug|Any CPU
		{FDF6E9BF-CB09-4E23-9E96-12B203316674}.DebugUnitTest|Any CPU.ActiveCfg = DebugUnitTest|Any CPU
		{FDF6E9BF-CB09-4E23-9E96-12B203316674}.DebugUnitTest|Any CPU.Build.0 = DebugUnitTest|Any CPU
		{FDF6E9BF-CB09-4E23-9E96-12B203316674}.Release|Any CPU.ActiveCfg = Release|Any CPU
		{FDF6E9BF-CB09-4E23-9E96-12B203316674}.Release|Any CPU.Build.0 = Release|Any CPU
		{65E08F3E-21AC-4BB0-A7A3-6EACBADAE9DD}.Debug|Any CPU.ActiveCfg = Debug|Any CPU
		{65E08F3E-21AC-4BB0-A7A3-6EACBADAE9DD}.Debug|Any CPU.Build.0 = Debug|Any CPU
		{65E08F3E-21AC-4BB0-A7A3-6EACBADAE9DD}.DebugUnitTest|Any CPU.ActiveCfg = DebugUnitTest|Any CPU
		{65E08F3E-21AC-4BB0-A7A3-6EACBADAE9DD}.DebugUnitTest|Any CPU.Build.0 = DebugUnitTest|Any CPU
		{65E08F3E-21AC-4BB0-A7A3-6EACBADAE9DD}.Release|Any CPU.ActiveCfg = Release|Any CPU
		{65E08F3E-21AC-4BB0-A7A3-6EACBADAE9DD}.Release|Any CPU.Build.0 = Release|Any CPU
		{B55FEE15-775E-462D-B20F-B55BB552EA85}.Debug|Any CPU.ActiveCfg = Debug|Any CPU
		{B55FEE15-775E-462D-B20F-B55BB552EA85}.Debug|Any CPU.Build.0 = Debug|Any CPU
		{B55FEE15-775E-462D-B20F-B55BB552EA85}.DebugUnitTest|Any CPU.ActiveCfg = DebugUnitTest|Any CPU
		{B55FEE15-775E-462D-B20F-B55BB552EA85}.DebugUnitTest|Any CPU.Build.0 = DebugUnitTest|Any CPU
		{B55FEE15-775E-462D-B20F-B55BB552EA85}.Release|Any CPU.ActiveCfg = Release|Any CPU
		{B55FEE15-775E-462D-B20F-B55BB552EA85}.Release|Any CPU.Build.0 = Release|Any CPU
		{37B30FDB-7D91-49F8-8C1C-88036D1314FC}.Debug|Any CPU.ActiveCfg = Debug|Any CPU
		{37B30FDB-7D91-49F8-8C1C-88036D1314FC}.Debug|Any CPU.Build.0 = Debug|Any CPU
		{37B30FDB-7D91-49F8-8C1C-88036D1314FC}.DebugUnitTest|Any CPU.ActiveCfg = DebugUnitTest|Any CPU
		{37B30FDB-7D91-49F8-8C1C-88036D1314FC}.DebugUnitTest|Any CPU.Build.0 = DebugUnitTest|Any CPU
		{37B30FDB-7D91-49F8-8C1C-88036D1314FC}.Release|Any CPU.ActiveCfg = Release|Any CPU
		{37B30FDB-7D91-49F8-8C1C-88036D1314FC}.Release|Any CPU.Build.0 = Release|Any CPU
		{628D6504-40E3-412A-827F-39F8644BA906}.Debug|Any CPU.ActiveCfg = Debug|Any CPU
		{628D6504-40E3-412A-827F-39F8644BA906}.Debug|Any CPU.Build.0 = Debug|Any CPU
		{628D6504-40E3-412A-827F-39F8644BA906}.DebugUnitTest|Any CPU.ActiveCfg = DebugUnitTest|Any CPU
		{628D6504-40E3-412A-827F-39F8644BA906}.DebugUnitTest|Any CPU.Build.0 = DebugUnitTest|Any CPU
		{628D6504-40E3-412A-827F-39F8644BA906}.Release|Any CPU.ActiveCfg = Release|Any CPU
		{628D6504-40E3-412A-827F-39F8644BA906}.Release|Any CPU.Build.0 = Release|Any CPU
		{CB93A289-59C4-4934-824B-9AF5F9C4B886}.Debug|Any CPU.ActiveCfg = Debug|Any CPU
		{CB93A289-59C4-4934-824B-9AF5F9C4B886}.Debug|Any CPU.Build.0 = Debug|Any CPU
		{CB93A289-59C4-4934-824B-9AF5F9C4B886}.DebugUnitTest|Any CPU.ActiveCfg = DebugUnitTest|Any CPU
		{CB93A289-59C4-4934-824B-9AF5F9C4B886}.DebugUnitTest|Any CPU.Build.0 = DebugUnitTest|Any CPU
		{CB93A289-59C4-4934-824B-9AF5F9C4B886}.Release|Any CPU.ActiveCfg = Release|Any CPU
		{CB93A289-59C4-4934-824B-9AF5F9C4B886}.Release|Any CPU.Build.0 = Release|Any CPU
		{186551F3-447A-4D1B-9DF7-3E6B49E0C10C}.Debug|Any CPU.ActiveCfg = Debug|Any CPU
		{186551F3-447A-4D1B-9DF7-3E6B49E0C10C}.Debug|Any CPU.Build.0 = Debug|Any CPU
		{186551F3-447A-4D1B-9DF7-3E6B49E0C10C}.DebugUnitTest|Any CPU.ActiveCfg = DebugUnitTest|Any CPU
		{186551F3-447A-4D1B-9DF7-3E6B49E0C10C}.DebugUnitTest|Any CPU.Build.0 = DebugUnitTest|Any CPU
		{186551F3-447A-4D1B-9DF7-3E6B49E0C10C}.Release|Any CPU.ActiveCfg = Release|Any CPU
		{186551F3-447A-4D1B-9DF7-3E6B49E0C10C}.Release|Any CPU.Build.0 = Release|Any CPU
		{C1BB3B78-C149-451D-8D1F-E6FC6DBFBF5A}.Debug|Any CPU.ActiveCfg = Debug|Any CPU
		{C1BB3B78-C149-451D-8D1F-E6FC6DBFBF5A}.Debug|Any CPU.Build.0 = Debug|Any CPU
		{C1BB3B78-C149-451D-8D1F-E6FC6DBFBF5A}.DebugUnitTest|Any CPU.ActiveCfg = DebugUnitTest|Any CPU
		{C1BB3B78-C149-451D-8D1F-E6FC6DBFBF5A}.DebugUnitTest|Any CPU.Build.0 = DebugUnitTest|Any CPU
		{C1BB3B78-C149-451D-8D1F-E6FC6DBFBF5A}.Release|Any CPU.ActiveCfg = Release|Any CPU
		{C1BB3B78-C149-451D-8D1F-E6FC6DBFBF5A}.Release|Any CPU.Build.0 = Release|Any CPU
		{7661A69C-6EB4-4190-BEC0-2C8DEF1E815F}.Debug|Any CPU.ActiveCfg = Debug|Any CPU
		{7661A69C-6EB4-4190-BEC0-2C8DEF1E815F}.Debug|Any CPU.Build.0 = Debug|Any CPU
		{7661A69C-6EB4-4190-BEC0-2C8DEF1E815F}.DebugUnitTest|Any CPU.ActiveCfg = DebugUnitTest|Any CPU
		{7661A69C-6EB4-4190-BEC0-2C8DEF1E815F}.DebugUnitTest|Any CPU.Build.0 = DebugUnitTest|Any CPU
		{7661A69C-6EB4-4190-BEC0-2C8DEF1E815F}.Release|Any CPU.ActiveCfg = Release|Any CPU
		{7661A69C-6EB4-4190-BEC0-2C8DEF1E815F}.Release|Any CPU.Build.0 = Release|Any CPU
		{E389BA3C-AF16-49C3-90DA-B52D3FCDD161}.Debug|Any CPU.ActiveCfg = Debug|Any CPU
		{E389BA3C-AF16-49C3-90DA-B52D3FCDD161}.Debug|Any CPU.Build.0 = Debug|Any CPU
		{E389BA3C-AF16-49C3-90DA-B52D3FCDD161}.DebugUnitTest|Any CPU.ActiveCfg = DebugUnitTest|Any CPU
		{E389BA3C-AF16-49C3-90DA-B52D3FCDD161}.DebugUnitTest|Any CPU.Build.0 = DebugUnitTest|Any CPU
		{E389BA3C-AF16-49C3-90DA-B52D3FCDD161}.Release|Any CPU.ActiveCfg = Release|Any CPU
		{E389BA3C-AF16-49C3-90DA-B52D3FCDD161}.Release|Any CPU.Build.0 = Release|Any CPU
		{DE313580-4D78-44C4-B80A-CAAB3EC580C1}.Debug|Any CPU.ActiveCfg = Debug|Any CPU
		{DE313580-4D78-44C4-B80A-CAAB3EC580C1}.Debug|Any CPU.Build.0 = Debug|Any CPU
		{DE313580-4D78-44C4-B80A-CAAB3EC580C1}.DebugUnitTest|Any CPU.ActiveCfg = DebugUnitTest|Any CPU
		{DE313580-4D78-44C4-B80A-CAAB3EC580C1}.DebugUnitTest|Any CPU.Build.0 = DebugUnitTest|Any CPU
		{DE313580-4D78-44C4-B80A-CAAB3EC580C1}.Release|Any CPU.ActiveCfg = Release|Any CPU
		{DE313580-4D78-44C4-B80A-CAAB3EC580C1}.Release|Any CPU.Build.0 = Release|Any CPU
		{165DED1C-2F5B-4941-854C-EC928ADA3F32}.Debug|Any CPU.ActiveCfg = Debug|Any CPU
		{165DED1C-2F5B-4941-854C-EC928ADA3F32}.Debug|Any CPU.Build.0 = Debug|Any CPU
		{165DED1C-2F5B-4941-854C-EC928ADA3F32}.DebugUnitTest|Any CPU.ActiveCfg = DebugUnitTest|Any CPU
		{165DED1C-2F5B-4941-854C-EC928ADA3F32}.DebugUnitTest|Any CPU.Build.0 = DebugUnitTest|Any CPU
		{165DED1C-2F5B-4941-854C-EC928ADA3F32}.Release|Any CPU.ActiveCfg = Release|Any CPU
		{165DED1C-2F5B-4941-854C-EC928ADA3F32}.Release|Any CPU.Build.0 = Release|Any CPU
		{5E36D04C-CDA1-4E17-B7AF-3A139B8FB87D}.Debug|Any CPU.ActiveCfg = Debug|Any CPU
		{5E36D04C-CDA1-4E17-B7AF-3A139B8FB87D}.Debug|Any CPU.Build.0 = Debug|Any CPU
		{5E36D04C-CDA1-4E17-B7AF-3A139B8FB87D}.DebugUnitTest|Any CPU.ActiveCfg = DebugUnitTest|Any CPU
		{5E36D04C-CDA1-4E17-B7AF-3A139B8FB87D}.DebugUnitTest|Any CPU.Build.0 = DebugUnitTest|Any CPU
		{5E36D04C-CDA1-4E17-B7AF-3A139B8FB87D}.Release|Any CPU.ActiveCfg = Release|Any CPU
		{5E36D04C-CDA1-4E17-B7AF-3A139B8FB87D}.Release|Any CPU.Build.0 = Release|Any CPU
		{32B9F323-F629-4CA4-9003-0E30A4C441A0}.Debug|Any CPU.ActiveCfg = Debug|Any CPU
		{32B9F323-F629-4CA4-9003-0E30A4C441A0}.Debug|Any CPU.Build.0 = Debug|Any CPU
		{32B9F323-F629-4CA4-9003-0E30A4C441A0}.DebugUnitTest|Any CPU.ActiveCfg = Debug|Any CPU
		{32B9F323-F629-4CA4-9003-0E30A4C441A0}.DebugUnitTest|Any CPU.Build.0 = Debug|Any CPU
		{32B9F323-F629-4CA4-9003-0E30A4C441A0}.Release|Any CPU.ActiveCfg = Release|Any CPU
		{32B9F323-F629-4CA4-9003-0E30A4C441A0}.Release|Any CPU.Build.0 = Release|Any CPU
		{9F87B835-8270-42F9-9567-26B2C7489C2B}.Debug|Any CPU.ActiveCfg = Debug|Any CPU
		{9F87B835-8270-42F9-9567-26B2C7489C2B}.Debug|Any CPU.Build.0 = Debug|Any CPU
		{9F87B835-8270-42F9-9567-26B2C7489C2B}.DebugUnitTest|Any CPU.ActiveCfg = Debug|Any CPU
		{9F87B835-8270-42F9-9567-26B2C7489C2B}.DebugUnitTest|Any CPU.Build.0 = Debug|Any CPU
		{9F87B835-8270-42F9-9567-26B2C7489C2B}.Release|Any CPU.ActiveCfg = Release|Any CPU
		{9F87B835-8270-42F9-9567-26B2C7489C2B}.Release|Any CPU.Build.0 = Release|Any CPU
		{113CE397-4859-4B92-8F10-E5BA2D6F1A35}.Debug|Any CPU.ActiveCfg = Debug|Any CPU
		{113CE397-4859-4B92-8F10-E5BA2D6F1A35}.Debug|Any CPU.Build.0 = Debug|Any CPU
		{113CE397-4859-4B92-8F10-E5BA2D6F1A35}.DebugUnitTest|Any CPU.ActiveCfg = Debug|Any CPU
		{113CE397-4859-4B92-8F10-E5BA2D6F1A35}.DebugUnitTest|Any CPU.Build.0 = Debug|Any CPU
		{113CE397-4859-4B92-8F10-E5BA2D6F1A35}.Release|Any CPU.ActiveCfg = Release|Any CPU
		{113CE397-4859-4B92-8F10-E5BA2D6F1A35}.Release|Any CPU.Build.0 = Release|Any CPU
	EndGlobalSection
	GlobalSection(SolutionProperties) = preSolution
		HideSolutionNode = FALSE
	EndGlobalSection
	GlobalSection(NestedProjects) = preSolution
		{39774AEF-F8CD-4605-A4B2-E563D289CCBC} = {B2E493FE-EFCF-4D0B-84C5-5C75B0D361B8}
		{2C655AF4-8D80-44F1-B64C-F82B763ACF12} = {B2E493FE-EFCF-4D0B-84C5-5C75B0D361B8}
		{FDF6E9BF-CB09-4E23-9E96-12B203316674} = {27F0A5FF-BA34-402D-84B0-76775021229A}
		{B55FEE15-775E-462D-B20F-B55BB552EA85} = {B2E493FE-EFCF-4D0B-84C5-5C75B0D361B8}
		{37B30FDB-7D91-49F8-8C1C-88036D1314FC} = {B2E493FE-EFCF-4D0B-84C5-5C75B0D361B8}
		{CB93A289-59C4-4934-824B-9AF5F9C4B886} = {B2E493FE-EFCF-4D0B-84C5-5C75B0D361B8}
		{186551F3-447A-4D1B-9DF7-3E6B49E0C10C} = {A9DCD77C-A0E2-4D01-AB1D-40F8853D4FB2}
		{C1BB3B78-C149-451D-8D1F-E6FC6DBFBF5A} = {A9DCD77C-A0E2-4D01-AB1D-40F8853D4FB2}
		{E389BA3C-AF16-49C3-90DA-B52D3FCDD161} = {B2E493FE-EFCF-4D0B-84C5-5C75B0D361B8}
		{5E36D04C-CDA1-4E17-B7AF-3A139B8FB87D} = {A9DCD77C-A0E2-4D01-AB1D-40F8853D4FB2}
		{32B9F323-F629-4CA4-9003-0E30A4C441A0} = {A9DCD77C-A0E2-4D01-AB1D-40F8853D4FB2}
		{9F87B835-8270-42F9-9567-26B2C7489C2B} = {B2E493FE-EFCF-4D0B-84C5-5C75B0D361B8}
	EndGlobalSection
	GlobalSection(ExtensibilityGlobals) = postSolution
		EnterpriseLibraryConfigurationToolBinariesPath = packages\EnterpriseLibrary.Common.5.0.505.0\lib\NET35;packages\EnterpriseLibrary.ExceptionHandling.5.0.505.0\lib\NET35;packages\EnterpriseLibrary.Logging.5.0.505.1\lib\NET35;packages\EnterpriseLibrary.ExceptionHandling.Logging.5.0.505.0\lib\NET35;packages\EnterpriseLibrary.PolicyInjection.5.0.505.0\lib\NET35;packages\EnterpriseLibrary.Validation.5.0.505.0\lib\NET35
		EnterpriseLibraryConfigurationToolBinariesPathV6 = packages\EnterpriseLibrary.Common.6.0.1304.0\lib\NET45;packages\EnterpriseLibrary.Logging.6.0.1304.0\lib\NET45;packages\EnterpriseLibrary.ExceptionHandling.6.0.1304.0\lib\NET45;packages\EnterpriseLibrary.Validation.6.0.1304.0\lib\NET45;packages\EnterpriseLibrary.ExceptionHandling.Logging.6.0.1304.0\lib\NET45;packages\EnterpriseLibrary.PolicyInjection.6.0.1304.0\lib\NET45;packages\EnterpriseLibrary.ExceptionHandling.WCF.6.0.1304.0\lib\NET45;packages\EnterpriseLibrary.Validation.Integration.WCF.6.0.1304.0\lib\NET45
	EndGlobalSection
EndGlobal
