
Microsoft Visual Studio Solution File, Format Version 12.00
# Visual Studio 15
VisualStudioVersion = 15.0.27703.2047
MinimumVisualStudioVersion = 10.0.40219.1
Project("{9A19103F-16F7-4668-BE54-9A1E7A4F7556}") = "ProjProps2EnvVars", "ProjProps2EnvVars.csproj", "{FA4C932F-A4BE-421D-A0D5-139BC2BA0269}"
EndProject
Global
	GlobalSection(SolutionConfigurationPlatforms) = preSolution
		Debug|Any CPU = Debug|Any CPU
		Release|Any CPU = Release|Any CPU
	EndGlobalSection
	GlobalSection(ProjectConfigurationPlatforms) = postSolution
		{FA4C932F-A4BE-421D-A0D5-139BC2BA0269}.Debug|Any CPU.ActiveCfg = Debug|Any CPU
		{FA4C932F-A4BE-421D-A0D5-139BC2BA0269}.Debug|Any CPU.Build.0 = Debug|Any CPU
		{FA4C932F-A4BE-421D-A0D5-139BC2BA0269}.Release|Any CPU.ActiveCfg = Release|Any CPU
		{FA4C932F-A4BE-421D-A0D5-139BC2BA0269}.Release|Any CPU.Build.0 = Release|Any CPU
	EndGlobalSection
	GlobalSection(SolutionProperties) = preSolution
		HideSolutionNode = FALSE
	EndGlobalSection
	GlobalSection(ExtensibilityGlobals) = postSolution
		SolutionGuid = {0D03E3A5-DD18-4BDC-900A-A1F616142DD2}
	EndGlobalSection
EndGlobal
