
Microsoft Visual Studio Solution File, Format Version 12.00
# Visual Studio Version 16
VisualStudioVersion = 16.0.30626.31
MinimumVisualStudioVersion = 10.0.40219.1
Project("{FAE04EC0-301F-11D3-BF4B-00C04F79EFBC}") = "vm.Aspects.Diagnostics", "Diagnostics\src\vm.Aspects.Diagnostics\vm.Aspects.Diagnostics.csproj", "{635850E7-5A34-45A9-B8C6-5EB6FDE8F7CB}"
EndProject
Global
	GlobalSection(SolutionConfigurationPlatforms) = preSolution
		Debug|Any CPU = Debug|Any CPU
		Release|Any CPU = Release|Any CPU
	EndGlobalSection
	GlobalSection(ProjectConfigurationPlatforms) = postSolution
		{635850E7-5A34-45A9-B8C6-5EB6FDE8F7CB}.Debug|Any CPU.ActiveCfg = Debug|Any CPU
		{635850E7-5A34-45A9-B8C6-5EB6FDE8F7CB}.Debug|Any CPU.Build.0 = Debug|Any CPU
		{635850E7-5A34-45A9-B8C6-5EB6FDE8F7CB}.Release|Any CPU.ActiveCfg = Release|Any CPU
		{635850E7-5A34-45A9-B8C6-5EB6FDE8F7CB}.Release|Any CPU.Build.0 = Release|Any CPU
	EndGlobalSection
	GlobalSection(SolutionProperties) = preSolution
		HideSolutionNode = FALSE
	EndGlobalSection
	GlobalSection(ExtensibilityGlobals) = postSolution
		SolutionGuid = {BB2F58E9-84D5-4700-9A4F-BBA78460143E}
	EndGlobalSection
EndGlobal
