
Microsoft Visual Studio Solution File, Format Version 12.00
# Visual Studio 15
VisualStudioVersion = 15.0.27428.2015
MinimumVisualStudioVersion = 10.0.40219.1
Project("{FAE04EC0-301F-11D3-BF4B-00C04F79EFBC}") = "vm.Aspects", "vm.Aspects.csproj", "{B31AC12D-4197-4ED9-9768-0C9ABCAF38BF}"
EndProject
Project("{FAE04EC0-301F-11D3-BF4B-00C04F79EFBC}") = "vm.Aspects.FtpTransfer", "FtpTransfer\vm.Aspects.FtpTransfer.csproj", "{113CE397-4859-4B92-8F10-E5BA2D6F1A35}"
EndProject
Project("{FAE04EC0-301F-11D3-BF4B-00C04F79EFBC}") = "vm.Aspects.Model", "Model\vm.Aspects.Model.csproj", "{7661A69C-6EB4-4190-BEC0-2C8DEF1E815F}"
EndProject
Project("{FAE04EC0-301F-11D3-BF4B-00C04F79EFBC}") = "vm.Aspects.Parsers", "Parsers\vm.Aspects.Parsers.csproj", "{DE313580-4D78-44C4-B80A-CAAB3EC580C1}"
EndProject
Project("{FAE04EC0-301F-11D3-BF4B-00C04F79EFBC}") = "vm.Aspects.Wcf", "Wcf\vm.Aspects.Wcf.csproj", "{165DED1C-2F5B-4941-854C-EC928ADA3F32}"
EndProject
Project("{2150E333-8FDC-42A3-9474-1A3956D46DE8}") = "Tests", "Tests", "{F15D6D76-1AEC-4D02-9231-76E5E4EF02DE}"
EndProject
Project("{FAE04EC0-301F-11D3-BF4B-00C04F79EFBC}") = "vm.Aspects.Tests", "Test\vm.Aspects.Tests.csproj", "{37B30FDB-7D91-49F8-8C1C-88036D1314FC}"
EndProject
Project("{FAE04EC0-301F-11D3-BF4B-00C04F79EFBC}") = "vm.Aspects.Model.Tests", "Model\Tests\vm.Aspects.Model.Tests.csproj", "{E389BA3C-AF16-49C3-90DA-B52D3FCDD161}"
EndProject
Project("{FAE04EC0-301F-11D3-BF4B-00C04F79EFBC}") = "TestEtwEventSource", "Test\TestEtwEventSource\TestEtwEventSource.csproj", "{4EF38017-B422-416F-9014-56D2406ED313}"
EndProject
Project("{FAE04EC0-301F-11D3-BF4B-00C04F79EFBC}") = "TestFtpClient", "Test\TestFtpClient\TestFtpClient.csproj", "{73B4C51D-31EE-4DBC-B7E9-FA13FF817F1D}"
EndProject
Project("{FAE04EC0-301F-11D3-BF4B-00C04F79EFBC}") = "vm.Aspects.Wcf.TestServer", "Test\vm.Aspects.Wcf.TestServer\vm.Aspects.Wcf.TestServer.csproj", "{CE457F4A-6E53-4B4F-A0B6-60BF0502D501}"
EndProject
Project("{FAE04EC0-301F-11D3-BF4B-00C04F79EFBC}") = "vm.Aspects.Model.PerCallContextRepositoryCallHandlerTests", "Model\PerCallContextRepositoryCallHandlerTests\vm.Aspects.Model.PerCallContextRepositoryCallHandlerTests.csproj", "{8F6341D2-9E16-40EC-A7B3-287E6FB0A749}"
EndProject
Project("{FAE04EC0-301F-11D3-BF4B-00C04F79EFBC}") = "vm.Aspects.Policies.Tests", "Test\Policies\vm.Aspects.Policies.Tests.csproj", "{03A5DE9A-DAFB-4990-A7D5-EB3F0FEE93B8}"
EndProject
Global
	GlobalSection(SolutionConfigurationPlatforms) = preSolution
		Debug|Any CPU = Debug|Any CPU
		DebugUnitTest|Any CPU = DebugUnitTest|Any CPU
		Release|Any CPU = Release|Any CPU
	EndGlobalSection
	GlobalSection(ProjectConfigurationPlatforms) = postSolution
		{B31AC12D-4197-4ED9-9768-0C9ABCAF38BF}.Debug|Any CPU.ActiveCfg = Debug|Any CPU
		{B31AC12D-4197-4ED9-9768-0C9ABCAF38BF}.Debug|Any CPU.Build.0 = Debug|Any CPU
		{B31AC12D-4197-4ED9-9768-0C9ABCAF38BF}.DebugUnitTest|Any CPU.ActiveCfg = DebugUnitTest|Any CPU
		{B31AC12D-4197-4ED9-9768-0C9ABCAF38BF}.DebugUnitTest|Any CPU.Build.0 = DebugUnitTest|Any CPU
		{B31AC12D-4197-4ED9-9768-0C9ABCAF38BF}.Release|Any CPU.ActiveCfg = Release|Any CPU
		{B31AC12D-4197-4ED9-9768-0C9ABCAF38BF}.Release|Any CPU.Build.0 = Release|Any CPU
		{113CE397-4859-4B92-8F10-E5BA2D6F1A35}.Debug|Any CPU.ActiveCfg = Debug|Any CPU
		{113CE397-4859-4B92-8F10-E5BA2D6F1A35}.Debug|Any CPU.Build.0 = Debug|Any CPU
		{113CE397-4859-4B92-8F10-E5BA2D6F1A35}.DebugUnitTest|Any CPU.ActiveCfg = Debug|Any CPU
		{113CE397-4859-4B92-8F10-E5BA2D6F1A35}.DebugUnitTest|Any CPU.Build.0 = Debug|Any CPU
		{113CE397-4859-4B92-8F10-E5BA2D6F1A35}.Release|Any CPU.ActiveCfg = Release|Any CPU
		{113CE397-4859-4B92-8F10-E5BA2D6F1A35}.Release|Any CPU.Build.0 = Release|Any CPU
		{7661A69C-6EB4-4190-BEC0-2C8DEF1E815F}.Debug|Any CPU.ActiveCfg = Debug|Any CPU
		{7661A69C-6EB4-4190-BEC0-2C8DEF1E815F}.Debug|Any CPU.Build.0 = Debug|Any CPU
		{7661A69C-6EB4-4190-BEC0-2C8DEF1E815F}.DebugUnitTest|Any CPU.ActiveCfg = DebugUnitTest|Any CPU
		{7661A69C-6EB4-4190-BEC0-2C8DEF1E815F}.DebugUnitTest|Any CPU.Build.0 = DebugUnitTest|Any CPU
		{7661A69C-6EB4-4190-BEC0-2C8DEF1E815F}.Release|Any CPU.ActiveCfg = Release|Any CPU
		{7661A69C-6EB4-4190-BEC0-2C8DEF1E815F}.Release|Any CPU.Build.0 = Release|Any CPU
		{DE313580-4D78-44C4-B80A-CAAB3EC580C1}.Debug|Any CPU.ActiveCfg = Debug|Any CPU
		{DE313580-4D78-44C4-B80A-CAAB3EC580C1}.Debug|Any CPU.Build.0 = Debug|Any CPU
		{DE313580-4D78-44C4-B80A-CAAB3EC580C1}.DebugUnitTest|Any CPU.ActiveCfg = DebugUnitTest|Any CPU
		{DE313580-4D78-44C4-B80A-CAAB3EC580C1}.DebugUnitTest|Any CPU.Build.0 = DebugUnitTest|Any CPU
		{DE313580-4D78-44C4-B80A-CAAB3EC580C1}.Release|Any CPU.ActiveCfg = Release|Any CPU
		{DE313580-4D78-44C4-B80A-CAAB3EC580C1}.Release|Any CPU.Build.0 = Release|Any CPU
		{165DED1C-2F5B-4941-854C-EC928ADA3F32}.Debug|Any CPU.ActiveCfg = Debug|Any CPU
		{165DED1C-2F5B-4941-854C-EC928ADA3F32}.Debug|Any CPU.Build.0 = Debug|Any CPU
		{165DED1C-2F5B-4941-854C-EC928ADA3F32}.DebugUnitTest|Any CPU.ActiveCfg = DebugUnitTest|Any CPU
		{165DED1C-2F5B-4941-854C-EC928ADA3F32}.DebugUnitTest|Any CPU.Build.0 = DebugUnitTest|Any CPU
		{165DED1C-2F5B-4941-854C-EC928ADA3F32}.Release|Any CPU.ActiveCfg = Release|Any CPU
		{165DED1C-2F5B-4941-854C-EC928ADA3F32}.Release|Any CPU.Build.0 = Release|Any CPU
		{37B30FDB-7D91-49F8-8C1C-88036D1314FC}.Debug|Any CPU.ActiveCfg = Debug|Any CPU
		{37B30FDB-7D91-49F8-8C1C-88036D1314FC}.Debug|Any CPU.Build.0 = Debug|Any CPU
		{37B30FDB-7D91-49F8-8C1C-88036D1314FC}.DebugUnitTest|Any CPU.ActiveCfg = DebugUnitTest|Any CPU
		{37B30FDB-7D91-49F8-8C1C-88036D1314FC}.DebugUnitTest|Any CPU.Build.0 = DebugUnitTest|Any CPU
		{37B30FDB-7D91-49F8-8C1C-88036D1314FC}.Release|Any CPU.ActiveCfg = Release|Any CPU
		{37B30FDB-7D91-49F8-8C1C-88036D1314FC}.Release|Any CPU.Build.0 = Release|Any CPU
		{E389BA3C-AF16-49C3-90DA-B52D3FCDD161}.Debug|Any CPU.ActiveCfg = Debug|Any CPU
		{E389BA3C-AF16-49C3-90DA-B52D3FCDD161}.Debug|Any CPU.Build.0 = Debug|Any CPU
		{E389BA3C-AF16-49C3-90DA-B52D3FCDD161}.DebugUnitTest|Any CPU.ActiveCfg = DebugUnitTest|Any CPU
		{E389BA3C-AF16-49C3-90DA-B52D3FCDD161}.DebugUnitTest|Any CPU.Build.0 = DebugUnitTest|Any CPU
		{E389BA3C-AF16-49C3-90DA-B52D3FCDD161}.Release|Any CPU.ActiveCfg = Release|Any CPU
		{E389BA3C-AF16-49C3-90DA-B52D3FCDD161}.Release|Any CPU.Build.0 = Release|Any CPU
		{4EF38017-B422-416F-9014-56D2406ED313}.Debug|Any CPU.ActiveCfg = Debug|Any CPU
		{4EF38017-B422-416F-9014-56D2406ED313}.Debug|Any CPU.Build.0 = Debug|Any CPU
		{4EF38017-B422-416F-9014-56D2406ED313}.DebugUnitTest|Any CPU.ActiveCfg = Debug|Any CPU
		{4EF38017-B422-416F-9014-56D2406ED313}.DebugUnitTest|Any CPU.Build.0 = Debug|Any CPU
		{4EF38017-B422-416F-9014-56D2406ED313}.Release|Any CPU.ActiveCfg = Release|Any CPU
		{4EF38017-B422-416F-9014-56D2406ED313}.Release|Any CPU.Build.0 = Release|Any CPU
		{73B4C51D-31EE-4DBC-B7E9-FA13FF817F1D}.Debug|Any CPU.ActiveCfg = Debug|Any CPU
		{73B4C51D-31EE-4DBC-B7E9-FA13FF817F1D}.Debug|Any CPU.Build.0 = Debug|Any CPU
		{73B4C51D-31EE-4DBC-B7E9-FA13FF817F1D}.DebugUnitTest|Any CPU.ActiveCfg = Debug|Any CPU
		{73B4C51D-31EE-4DBC-B7E9-FA13FF817F1D}.DebugUnitTest|Any CPU.Build.0 = Debug|Any CPU
		{73B4C51D-31EE-4DBC-B7E9-FA13FF817F1D}.Release|Any CPU.ActiveCfg = Release|Any CPU
		{73B4C51D-31EE-4DBC-B7E9-FA13FF817F1D}.Release|Any CPU.Build.0 = Release|Any CPU
		{CE457F4A-6E53-4B4F-A0B6-60BF0502D501}.Debug|Any CPU.ActiveCfg = Debug|Any CPU
		{CE457F4A-6E53-4B4F-A0B6-60BF0502D501}.Debug|Any CPU.Build.0 = Debug|Any CPU
		{CE457F4A-6E53-4B4F-A0B6-60BF0502D501}.DebugUnitTest|Any CPU.ActiveCfg = Debug|Any CPU
		{CE457F4A-6E53-4B4F-A0B6-60BF0502D501}.DebugUnitTest|Any CPU.Build.0 = Debug|Any CPU
		{CE457F4A-6E53-4B4F-A0B6-60BF0502D501}.Release|Any CPU.ActiveCfg = Release|Any CPU
		{CE457F4A-6E53-4B4F-A0B6-60BF0502D501}.Release|Any CPU.Build.0 = Release|Any CPU
		{8F6341D2-9E16-40EC-A7B3-287E6FB0A749}.Debug|Any CPU.ActiveCfg = Debug|Any CPU
		{8F6341D2-9E16-40EC-A7B3-287E6FB0A749}.Debug|Any CPU.Build.0 = Debug|Any CPU
		{8F6341D2-9E16-40EC-A7B3-287E6FB0A749}.DebugUnitTest|Any CPU.ActiveCfg = Debug|Any CPU
		{8F6341D2-9E16-40EC-A7B3-287E6FB0A749}.DebugUnitTest|Any CPU.Build.0 = Debug|Any CPU
		{8F6341D2-9E16-40EC-A7B3-287E6FB0A749}.Release|Any CPU.ActiveCfg = Release|Any CPU
		{8F6341D2-9E16-40EC-A7B3-287E6FB0A749}.Release|Any CPU.Build.0 = Release|Any CPU
		{03A5DE9A-DAFB-4990-A7D5-EB3F0FEE93B8}.Debug|Any CPU.ActiveCfg = Debug|Any CPU
		{03A5DE9A-DAFB-4990-A7D5-EB3F0FEE93B8}.Debug|Any CPU.Build.0 = Debug|Any CPU
		{03A5DE9A-DAFB-4990-A7D5-EB3F0FEE93B8}.DebugUnitTest|Any CPU.ActiveCfg = Debug|Any CPU
		{03A5DE9A-DAFB-4990-A7D5-EB3F0FEE93B8}.DebugUnitTest|Any CPU.Build.0 = Debug|Any CPU
		{03A5DE9A-DAFB-4990-A7D5-EB3F0FEE93B8}.Release|Any CPU.ActiveCfg = Release|Any CPU
		{03A5DE9A-DAFB-4990-A7D5-EB3F0FEE93B8}.Release|Any CPU.Build.0 = Release|Any CPU
	EndGlobalSection
	GlobalSection(SolutionProperties) = preSolution
		HideSolutionNode = FALSE
	EndGlobalSection
	GlobalSection(NestedProjects) = preSolution
		{37B30FDB-7D91-49F8-8C1C-88036D1314FC} = {F15D6D76-1AEC-4D02-9231-76E5E4EF02DE}
		{E389BA3C-AF16-49C3-90DA-B52D3FCDD161} = {F15D6D76-1AEC-4D02-9231-76E5E4EF02DE}
		{4EF38017-B422-416F-9014-56D2406ED313} = {F15D6D76-1AEC-4D02-9231-76E5E4EF02DE}
		{73B4C51D-31EE-4DBC-B7E9-FA13FF817F1D} = {F15D6D76-1AEC-4D02-9231-76E5E4EF02DE}
		{CE457F4A-6E53-4B4F-A0B6-60BF0502D501} = {F15D6D76-1AEC-4D02-9231-76E5E4EF02DE}
		{8F6341D2-9E16-40EC-A7B3-287E6FB0A749} = {F15D6D76-1AEC-4D02-9231-76E5E4EF02DE}
		{03A5DE9A-DAFB-4990-A7D5-EB3F0FEE93B8} = {F15D6D76-1AEC-4D02-9231-76E5E4EF02DE}
	EndGlobalSection
	GlobalSection(ExtensibilityGlobals) = postSolution
		SolutionGuid = {AB29D0C2-629C-4FA9-9CB2-5392F7D91F75}
	EndGlobalSection
EndGlobal
