
Microsoft Visual Studio Solution File, Format Version 12.00
# Visual Studio 15
VisualStudioVersion = 15.0.27428.2011
MinimumVisualStudioVersion = 10.0.40219.1
Project("{2150E333-8FDC-42A3-9474-1A3956D46DE8}") = "tests", "tests", "{6E42EF8A-6950-4FAA-8083-5987503B973A}"
EndProject
Project("{2150E333-8FDC-42A3-9474-1A3956D46DE8}") = "samples", "samples", "{40C3F688-8C31-44AB-B36B-486F40C47295}"
EndProject
Project("{FAE04EC0-301F-11D3-BF4B-00C04F79EFBC}") = "vm.Aspects.Diagnostics.ObjectDumper.Samples.Sample1", "ObjectDumper.Samples\Sample1\vm.Aspects.Diagnostics.ObjectDumper.Samples.Sample1.csproj", "{FA9E59F1-34A3-4904-AFA8-47B45012DA09}"
EndProject
Project("{FAE04EC0-301F-11D3-BF4B-00C04F79EFBC}") = "vm.Aspects.Diagnostics.ObjectDumper.Samples.Sample2", "ObjectDumper.Samples\Sample2\vm.Aspects.Diagnostics.ObjectDumper.Samples.Sample2.csproj", "{0FA4F797-C0C3-4DD8-8544-1F38E4B10842}"
EndProject
Project("{FAE04EC0-301F-11D3-BF4B-00C04F79EFBC}") = "vm.Aspects.Diagnostics.ObjectDumper.Samples.Sample3", "ObjectDumper.Samples\Sample3\vm.Aspects.Diagnostics.ObjectDumper.Samples.Sample3.csproj", "{FDF6E9BF-CB09-4E23-9E96-12B203316674}"
EndProject
Project("{2150E333-8FDC-42A3-9474-1A3956D46DE8}") = "Solution Items", "Solution Items", "{5815B796-7775-45F1-98F7-48AA1DE0CEF1}"
	ProjectSection(SolutionItems) = preProject
		..\..\Common Items\AssemblyInfo.global.cs = ..\..\Common Items\AssemblyInfo.global.cs
		..\..\Common Items\Dictionary.xml = ..\..\Common Items\Dictionary.xml
		src\ObjectDumper.md = src\ObjectDumper.md
		..\..\Common Items\vm.snk = ..\..\Common Items\vm.snk
		..\..\Common Items\vm.Test.snk = ..\..\Common Items\vm.Test.snk
		..\..\Common Items\vmAllRules.ruleset = ..\..\Common Items\vmAllRules.ruleset
	EndProjectSection
EndProject
Project("{2150E333-8FDC-42A3-9474-1A3956D46DE8}") = "src", "src", "{2188BB5E-F272-41C2-9AA0-5A71AE4F8844}"
EndProject
Project("{9A19103F-16F7-4668-BE54-9A1E7A4F7556}") = "vm.Aspects.Diagnostics.ObjectTextDumper", "src\vm.Aspects.Diagnostics.ObjectTextDumper.csproj", "{6F066FD1-490F-4258-B4D9-105FA094B719}"
EndProject
Project("{9A19103F-16F7-4668-BE54-9A1E7A4F7556}") = "vm.Aspects.Diagnostics.Tests.ObjectDumper.Core", "tests\ObjectDumper\Core\vm.Aspects.Diagnostics.Tests.ObjectDumper.Core.csproj", "{9DDFC480-CBB9-42AC-8D11-A9A52076729E}"
EndProject
Project("{FAE04EC0-301F-11D3-BF4B-00C04F79EFBC}") = "vm.Aspects.Diagnostics.Tests.ObjectDumper", "tests\ObjectDumper\Framework\vm.Aspects.Diagnostics.Tests.ObjectDumper.csproj", "{59C78198-17F4-4FBD-9006-E07F186BBC8C}"
EndProject
Project("{FAE04EC0-301F-11D3-BF4B-00C04F79EFBC}") = "vm.Aspects.Diagnostics.Tests.ObjectDumper.PartialTrust", "tests\ObjectDumper.PartialTrustStub\vm.Aspects.Diagnostics.Tests.ObjectDumper.PartialTrust.csproj", "{2C655AF4-8D80-44F1-B64C-F82B763ACF12}"
EndProject
Project("{2150E333-8FDC-42A3-9474-1A3956D46DE8}") = "build", "build", "{10D3FBCD-F91D-42CB-BF89-39BA3BB57FAB}"
	ProjectSection(SolutionItems) = preProject
		build\Publish.cmd = build\Publish.cmd
	EndProjectSection
EndProject
Global
	GlobalSection(SolutionConfigurationPlatforms) = preSolution
		Debug|Any CPU = Debug|Any CPU
		DebugUnitTest|Any CPU = DebugUnitTest|Any CPU
		Release|Any CPU = Release|Any CPU
	EndGlobalSection
	GlobalSection(ProjectConfigurationPlatforms) = postSolution
		{FA9E59F1-34A3-4904-AFA8-47B45012DA09}.Debug|Any CPU.ActiveCfg = Debug|Any CPU
		{FA9E59F1-34A3-4904-AFA8-47B45012DA09}.Debug|Any CPU.Build.0 = Debug|Any CPU
		{FA9E59F1-34A3-4904-AFA8-47B45012DA09}.DebugUnitTest|Any CPU.ActiveCfg = Debug|Any CPU
		{FA9E59F1-34A3-4904-AFA8-47B45012DA09}.DebugUnitTest|Any CPU.Build.0 = Debug|Any CPU
		{FA9E59F1-34A3-4904-AFA8-47B45012DA09}.Release|Any CPU.ActiveCfg = Release|Any CPU
		{FA9E59F1-34A3-4904-AFA8-47B45012DA09}.Release|Any CPU.Build.0 = Release|Any CPU
		{0FA4F797-C0C3-4DD8-8544-1F38E4B10842}.Debug|Any CPU.ActiveCfg = Debug|Any CPU
		{0FA4F797-C0C3-4DD8-8544-1F38E4B10842}.Debug|Any CPU.Build.0 = Debug|Any CPU
		{0FA4F797-C0C3-4DD8-8544-1F38E4B10842}.DebugUnitTest|Any CPU.ActiveCfg = Debug|Any CPU
		{0FA4F797-C0C3-4DD8-8544-1F38E4B10842}.DebugUnitTest|Any CPU.Build.0 = Debug|Any CPU
		{0FA4F797-C0C3-4DD8-8544-1F38E4B10842}.Release|Any CPU.ActiveCfg = Release|Any CPU
		{0FA4F797-C0C3-4DD8-8544-1F38E4B10842}.Release|Any CPU.Build.0 = Release|Any CPU
		{FDF6E9BF-CB09-4E23-9E96-12B203316674}.Debug|Any CPU.ActiveCfg = Debug|Any CPU
		{FDF6E9BF-CB09-4E23-9E96-12B203316674}.Debug|Any CPU.Build.0 = Debug|Any CPU
		{FDF6E9BF-CB09-4E23-9E96-12B203316674}.DebugUnitTest|Any CPU.ActiveCfg = DebugUnitTest|Any CPU
		{FDF6E9BF-CB09-4E23-9E96-12B203316674}.DebugUnitTest|Any CPU.Build.0 = DebugUnitTest|Any CPU
		{FDF6E9BF-CB09-4E23-9E96-12B203316674}.Release|Any CPU.ActiveCfg = Release|Any CPU
		{FDF6E9BF-CB09-4E23-9E96-12B203316674}.Release|Any CPU.Build.0 = Release|Any CPU
		{6F066FD1-490F-4258-B4D9-105FA094B719}.Debug|Any CPU.ActiveCfg = Debug|Any CPU
		{6F066FD1-490F-4258-B4D9-105FA094B719}.Debug|Any CPU.Build.0 = Debug|Any CPU
		{6F066FD1-490F-4258-B4D9-105FA094B719}.DebugUnitTest|Any CPU.ActiveCfg = Debug|Any CPU
		{6F066FD1-490F-4258-B4D9-105FA094B719}.DebugUnitTest|Any CPU.Build.0 = Debug|Any CPU
		{6F066FD1-490F-4258-B4D9-105FA094B719}.Release|Any CPU.ActiveCfg = Release|Any CPU
		{6F066FD1-490F-4258-B4D9-105FA094B719}.Release|Any CPU.Build.0 = Release|Any CPU
		{9DDFC480-CBB9-42AC-8D11-A9A52076729E}.Debug|Any CPU.ActiveCfg = Debug|Any CPU
		{9DDFC480-CBB9-42AC-8D11-A9A52076729E}.Debug|Any CPU.Build.0 = Debug|Any CPU
		{9DDFC480-CBB9-42AC-8D11-A9A52076729E}.DebugUnitTest|Any CPU.ActiveCfg = Debug|Any CPU
		{9DDFC480-CBB9-42AC-8D11-A9A52076729E}.DebugUnitTest|Any CPU.Build.0 = Debug|Any CPU
		{9DDFC480-CBB9-42AC-8D11-A9A52076729E}.Release|Any CPU.ActiveCfg = Release|Any CPU
		{9DDFC480-CBB9-42AC-8D11-A9A52076729E}.Release|Any CPU.Build.0 = Release|Any CPU
		{59C78198-17F4-4FBD-9006-E07F186BBC8C}.Debug|Any CPU.ActiveCfg = Debug|Any CPU
		{59C78198-17F4-4FBD-9006-E07F186BBC8C}.Debug|Any CPU.Build.0 = Debug|Any CPU
		{59C78198-17F4-4FBD-9006-E07F186BBC8C}.DebugUnitTest|Any CPU.ActiveCfg = Debug|Any CPU
		{59C78198-17F4-4FBD-9006-E07F186BBC8C}.DebugUnitTest|Any CPU.Build.0 = Debug|Any CPU
		{59C78198-17F4-4FBD-9006-E07F186BBC8C}.Release|Any CPU.ActiveCfg = Release|Any CPU
		{59C78198-17F4-4FBD-9006-E07F186BBC8C}.Release|Any CPU.Build.0 = Release|Any CPU
		{2C655AF4-8D80-44F1-B64C-F82B763ACF12}.Debug|Any CPU.ActiveCfg = Debug|Any CPU
		{2C655AF4-8D80-44F1-B64C-F82B763ACF12}.Debug|Any CPU.Build.0 = Debug|Any CPU
		{2C655AF4-8D80-44F1-B64C-F82B763ACF12}.DebugUnitTest|Any CPU.ActiveCfg = DebugUnitTest|Any CPU
		{2C655AF4-8D80-44F1-B64C-F82B763ACF12}.DebugUnitTest|Any CPU.Build.0 = DebugUnitTest|Any CPU
		{2C655AF4-8D80-44F1-B64C-F82B763ACF12}.Release|Any CPU.ActiveCfg = Release|Any CPU
		{2C655AF4-8D80-44F1-B64C-F82B763ACF12}.Release|Any CPU.Build.0 = Release|Any CPU
	EndGlobalSection
	GlobalSection(SolutionProperties) = preSolution
		HideSolutionNode = FALSE
	EndGlobalSection
	GlobalSection(NestedProjects) = preSolution
		{FA9E59F1-34A3-4904-AFA8-47B45012DA09} = {40C3F688-8C31-44AB-B36B-486F40C47295}
		{0FA4F797-C0C3-4DD8-8544-1F38E4B10842} = {40C3F688-8C31-44AB-B36B-486F40C47295}
		{FDF6E9BF-CB09-4E23-9E96-12B203316674} = {40C3F688-8C31-44AB-B36B-486F40C47295}
		{6F066FD1-490F-4258-B4D9-105FA094B719} = {2188BB5E-F272-41C2-9AA0-5A71AE4F8844}
		{9DDFC480-CBB9-42AC-8D11-A9A52076729E} = {6E42EF8A-6950-4FAA-8083-5987503B973A}
		{59C78198-17F4-4FBD-9006-E07F186BBC8C} = {6E42EF8A-6950-4FAA-8083-5987503B973A}
		{2C655AF4-8D80-44F1-B64C-F82B763ACF12} = {6E42EF8A-6950-4FAA-8083-5987503B973A}
	EndGlobalSection
	GlobalSection(ExtensibilityGlobals) = postSolution
		SolutionGuid = {9C357109-04E4-48A6-A3BF-80DFD553DAEB}
	EndGlobalSection
EndGlobal
