
Microsoft Visual Studio Solution File, Format Version 12.00
# Visual Studio 15
VisualStudioVersion = 15.0.27428.2015
MinimumVisualStudioVersion = 10.0.40219.1
Project("{2150E333-8FDC-42A3-9474-1A3956D46DE8}") = "tests", "tests", "{5332A49F-EE3D-43D2-AF27-3B81C9EB8528}"
EndProject
Project("{2150E333-8FDC-42A3-9474-1A3956D46DE8}") = "tools", "tools", "{76705A9C-632C-4439-BB95-F4793DE60D6E}"
EndProject
Project("{2150E333-8FDC-42A3-9474-1A3956D46DE8}") = "src", "src", "{E1E57F4C-36F1-475B-B7D8-C7F06A8FFDBD}"
EndProject
Project("{FAE04EC0-301F-11D3-BF4B-00C04F79EFBC}") = "vm.Aspects.Security.Cryptography.Ciphers.Tests", "tests\vm.Aspects.Security.Cryptography.Ciphers.Tests.csproj", "{B55FEE15-775E-462D-B20F-B55BB552EA85}"
EndProject
Project("{2150E333-8FDC-42A3-9474-1A3956D46DE8}") = "NuGet", "NuGet", "{06E69EA1-3CE3-495D-B357-C967879E73F6}"
	ProjectSection(SolutionItems) = preProject
		NuGet\Ciphers.nuspec = NuGet\Ciphers.nuspec
		NuGet\Ciphers.symbols.nuspec = NuGet\Ciphers.symbols.nuspec
		NuGet\PublishCiphers.cmd = NuGet\PublishCiphers.cmd
	EndProjectSection
EndProject
Project("{FAE04EC0-301F-11D3-BF4B-00C04F79EFBC}") = "KeyFile", "tools\KeyFile\KeyFile.csproj", "{186551F3-447A-4D1B-9DF7-3E6B49E0C10C}"
EndProject
Project("{FAE04EC0-301F-11D3-BF4B-00C04F79EFBC}") = "FileCrypt", "tools\FileCrypt\FileCrypt.csproj", "{32B9F323-F629-4CA4-9003-0E30A4C441A0}"
EndProject
Project("{2150E333-8FDC-42A3-9474-1A3956D46DE8}") = "SolutionItems", "SolutionItems", "{401E6834-05E7-4B50-8F90-C9145FEF94C8}"
	ProjectSection(SolutionItems) = preProject
		..\..\..\..\Common Items\AssemblyInfo.global.cs = ..\..\..\..\Common Items\AssemblyInfo.global.cs
		..\..\..\..\Common Items\Dictionary.xml = ..\..\..\..\Common Items\Dictionary.xml
		..\..\..\..\Common Items\vm.snk = ..\..\..\..\Common Items\vm.snk
		..\..\..\..\Common Items\vm.Test.snk = ..\..\..\..\Common Items\vm.Test.snk
		..\..\..\..\Common Items\vmAllRules.ruleset = ..\..\..\..\Common Items\vmAllRules.ruleset
	EndProjectSection
EndProject
Project("{9A19103F-16F7-4668-BE54-9A1E7A4F7556}") = "vm.Aspects.Security.Cryptography.Ciphers", "src\vm.Aspects.Security.Cryptography.Ciphers.csproj", "{1D9384D5-CC9E-4C8D-ACBB-31FB25056600}"
EndProject
Project("{9A19103F-16F7-4668-BE54-9A1E7A4F7556}") = "vm.Aspects.Security.Cryptography.Ciphers.Xml", "Xml\src\vm.Aspects.Security.Cryptography.Ciphers.Xml.csproj", "{D6D97E06-F531-4F7A-BACE-0C97F8F38E36}"
EndProject
Project("{9A19103F-16F7-4668-BE54-9A1E7A4F7556}") = "vm.Aspects.Security.Cryptography.Ciphers.Protected", "Protected\src\vm.Aspects.Security.Cryptography.Ciphers.Protected.csproj", "{90B49E0B-3AF7-497E-9EF8-17804F2D94F0}"
EndProject
Global
	GlobalSection(SolutionConfigurationPlatforms) = preSolution
		Debug|Any CPU = Debug|Any CPU
		DebugUnitTest|Any CPU = DebugUnitTest|Any CPU
		Release|Any CPU = Release|Any CPU
	EndGlobalSection
	GlobalSection(ProjectConfigurationPlatforms) = postSolution
		{B55FEE15-775E-462D-B20F-B55BB552EA85}.Debug|Any CPU.ActiveCfg = Debug|Any CPU
		{B55FEE15-775E-462D-B20F-B55BB552EA85}.Debug|Any CPU.Build.0 = Debug|Any CPU
		{B55FEE15-775E-462D-B20F-B55BB552EA85}.DebugUnitTest|Any CPU.ActiveCfg = DebugUnitTest|Any CPU
		{B55FEE15-775E-462D-B20F-B55BB552EA85}.DebugUnitTest|Any CPU.Build.0 = DebugUnitTest|Any CPU
		{B55FEE15-775E-462D-B20F-B55BB552EA85}.Release|Any CPU.ActiveCfg = Release|Any CPU
		{B55FEE15-775E-462D-B20F-B55BB552EA85}.Release|Any CPU.Build.0 = Release|Any CPU
		{186551F3-447A-4D1B-9DF7-3E6B49E0C10C}.Debug|Any CPU.ActiveCfg = Debug|Any CPU
		{186551F3-447A-4D1B-9DF7-3E6B49E0C10C}.Debug|Any CPU.Build.0 = Debug|Any CPU
		{186551F3-447A-4D1B-9DF7-3E6B49E0C10C}.DebugUnitTest|Any CPU.ActiveCfg = DebugUnitTest|Any CPU
		{186551F3-447A-4D1B-9DF7-3E6B49E0C10C}.DebugUnitTest|Any CPU.Build.0 = DebugUnitTest|Any CPU
		{186551F3-447A-4D1B-9DF7-3E6B49E0C10C}.Release|Any CPU.ActiveCfg = Release|Any CPU
		{186551F3-447A-4D1B-9DF7-3E6B49E0C10C}.Release|Any CPU.Build.0 = Release|Any CPU
		{32B9F323-F629-4CA4-9003-0E30A4C441A0}.Debug|Any CPU.ActiveCfg = Debug|Any CPU
		{32B9F323-F629-4CA4-9003-0E30A4C441A0}.Debug|Any CPU.Build.0 = Debug|Any CPU
		{32B9F323-F629-4CA4-9003-0E30A4C441A0}.DebugUnitTest|Any CPU.ActiveCfg = Debug|Any CPU
		{32B9F323-F629-4CA4-9003-0E30A4C441A0}.DebugUnitTest|Any CPU.Build.0 = Debug|Any CPU
		{32B9F323-F629-4CA4-9003-0E30A4C441A0}.Release|Any CPU.ActiveCfg = Release|Any CPU
		{32B9F323-F629-4CA4-9003-0E30A4C441A0}.Release|Any CPU.Build.0 = Release|Any CPU
		{1D9384D5-CC9E-4C8D-ACBB-31FB25056600}.Debug|Any CPU.ActiveCfg = Debug|Any CPU
		{1D9384D5-CC9E-4C8D-ACBB-31FB25056600}.Debug|Any CPU.Build.0 = Debug|Any CPU
		{1D9384D5-CC9E-4C8D-ACBB-31FB25056600}.DebugUnitTest|Any CPU.ActiveCfg = Debug|Any CPU
		{1D9384D5-CC9E-4C8D-ACBB-31FB25056600}.DebugUnitTest|Any CPU.Build.0 = Debug|Any CPU
		{1D9384D5-CC9E-4C8D-ACBB-31FB25056600}.Release|Any CPU.ActiveCfg = Release|Any CPU
		{1D9384D5-CC9E-4C8D-ACBB-31FB25056600}.Release|Any CPU.Build.0 = Release|Any CPU
		{D6D97E06-F531-4F7A-BACE-0C97F8F38E36}.Debug|Any CPU.ActiveCfg = Debug|Any CPU
		{D6D97E06-F531-4F7A-BACE-0C97F8F38E36}.Debug|Any CPU.Build.0 = Debug|Any CPU
		{D6D97E06-F531-4F7A-BACE-0C97F8F38E36}.DebugUnitTest|Any CPU.ActiveCfg = Debug|Any CPU
		{D6D97E06-F531-4F7A-BACE-0C97F8F38E36}.DebugUnitTest|Any CPU.Build.0 = Debug|Any CPU
		{D6D97E06-F531-4F7A-BACE-0C97F8F38E36}.Release|Any CPU.ActiveCfg = Release|Any CPU
		{D6D97E06-F531-4F7A-BACE-0C97F8F38E36}.Release|Any CPU.Build.0 = Release|Any CPU
		{90B49E0B-3AF7-497E-9EF8-17804F2D94F0}.Debug|Any CPU.ActiveCfg = Debug|Any CPU
		{90B49E0B-3AF7-497E-9EF8-17804F2D94F0}.Debug|Any CPU.Build.0 = Debug|Any CPU
		{90B49E0B-3AF7-497E-9EF8-17804F2D94F0}.DebugUnitTest|Any CPU.ActiveCfg = Debug|Any CPU
		{90B49E0B-3AF7-497E-9EF8-17804F2D94F0}.DebugUnitTest|Any CPU.Build.0 = Debug|Any CPU
		{90B49E0B-3AF7-497E-9EF8-17804F2D94F0}.Release|Any CPU.ActiveCfg = Release|Any CPU
		{90B49E0B-3AF7-497E-9EF8-17804F2D94F0}.Release|Any CPU.Build.0 = Release|Any CPU
	EndGlobalSection
	GlobalSection(SolutionProperties) = preSolution
		HideSolutionNode = FALSE
	EndGlobalSection
	GlobalSection(NestedProjects) = preSolution
		{B55FEE15-775E-462D-B20F-B55BB552EA85} = {5332A49F-EE3D-43D2-AF27-3B81C9EB8528}
		{186551F3-447A-4D1B-9DF7-3E6B49E0C10C} = {76705A9C-632C-4439-BB95-F4793DE60D6E}
		{32B9F323-F629-4CA4-9003-0E30A4C441A0} = {76705A9C-632C-4439-BB95-F4793DE60D6E}
		{1D9384D5-CC9E-4C8D-ACBB-31FB25056600} = {E1E57F4C-36F1-475B-B7D8-C7F06A8FFDBD}
		{D6D97E06-F531-4F7A-BACE-0C97F8F38E36} = {E1E57F4C-36F1-475B-B7D8-C7F06A8FFDBD}
		{90B49E0B-3AF7-497E-9EF8-17804F2D94F0} = {E1E57F4C-36F1-475B-B7D8-C7F06A8FFDBD}
	EndGlobalSection
	GlobalSection(ExtensibilityGlobals) = postSolution
		SolutionGuid = {381D1D0F-E2FB-435B-99CE-D5A9D0B9D1D8}
	EndGlobalSection
EndGlobal
