
Microsoft Visual Studio Solution File, Format Version 12.00
# Visual Studio 15
VisualStudioVersion = 15.0.27428.2015
MinimumVisualStudioVersion = 10.0.40219.1
Project("{FAE04EC0-301F-11D3-BF4B-00C04F79EFBC}") = "vm.Aspects.Security.Cryptography.Ciphers", "vm.Aspects.Security.Cryptography.Ciphers.csproj", "{65E08F3E-21AC-4BB0-A7A3-6EACBADAE9DD}"
EndProject
Project("{2150E333-8FDC-42A3-9474-1A3956D46DE8}") = "Tests", "Tests", "{5332A49F-EE3D-43D2-AF27-3B81C9EB8528}"
EndProject
Project("{FAE04EC0-301F-11D3-BF4B-00C04F79EFBC}") = "vm.Aspects.Security.Cryptography.Ciphers.Tests", "Test\vm.Aspects.Security.Cryptography.Ciphers.Tests.csproj", "{B55FEE15-775E-462D-B20F-B55BB552EA85}"
EndProject
Global
	GlobalSection(SolutionConfigurationPlatforms) = preSolution
		Debug|Any CPU = Debug|Any CPU
		DebugUnitTest|Any CPU = DebugUnitTest|Any CPU
		Release|Any CPU = Release|Any CPU
	EndGlobalSection
	GlobalSection(ProjectConfigurationPlatforms) = postSolution
		{65E08F3E-21AC-4BB0-A7A3-6EACBADAE9DD}.Debug|Any CPU.ActiveCfg = Debug|Any CPU
		{65E08F3E-21AC-4BB0-A7A3-6EACBADAE9DD}.Debug|Any CPU.Build.0 = Debug|Any CPU
		{65E08F3E-21AC-4BB0-A7A3-6EACBADAE9DD}.DebugUnitTest|Any CPU.ActiveCfg = DebugUnitTest|Any CPU
		{65E08F3E-21AC-4BB0-A7A3-6EACBADAE9DD}.DebugUnitTest|Any CPU.Build.0 = DebugUnitTest|Any CPU
		{65E08F3E-21AC-4BB0-A7A3-6EACBADAE9DD}.Release|Any CPU.ActiveCfg = Release|Any CPU
		{65E08F3E-21AC-4BB0-A7A3-6EACBADAE9DD}.Release|Any CPU.Build.0 = Release|Any CPU
		{B55FEE15-775E-462D-B20F-B55BB552EA85}.Debug|Any CPU.ActiveCfg = Debug|Any CPU
		{B55FEE15-775E-462D-B20F-B55BB552EA85}.Debug|Any CPU.Build.0 = Debug|Any CPU
		{B55FEE15-775E-462D-B20F-B55BB552EA85}.DebugUnitTest|Any CPU.ActiveCfg = DebugUnitTest|Any CPU
		{B55FEE15-775E-462D-B20F-B55BB552EA85}.DebugUnitTest|Any CPU.Build.0 = DebugUnitTest|Any CPU
		{B55FEE15-775E-462D-B20F-B55BB552EA85}.Release|Any CPU.ActiveCfg = Release|Any CPU
		{B55FEE15-775E-462D-B20F-B55BB552EA85}.Release|Any CPU.Build.0 = Release|Any CPU
	EndGlobalSection
	GlobalSection(SolutionProperties) = preSolution
		HideSolutionNode = FALSE
	EndGlobalSection
	GlobalSection(NestedProjects) = preSolution
		{B55FEE15-775E-462D-B20F-B55BB552EA85} = {5332A49F-EE3D-43D2-AF27-3B81C9EB8528}
	EndGlobalSection
	GlobalSection(ExtensibilityGlobals) = postSolution
		SolutionGuid = {381D1D0F-E2FB-435B-99CE-D5A9D0B9D1D8}
	EndGlobalSection
EndGlobal
